
Microsoft Visual Studio Solution File, Format Version 12.00
# Visual Studio Version 16
VisualStudioVersion = 16.0.30717.126
MinimumVisualStudioVersion = 10.0.40219.1
Project("{9A19103F-16F7-4668-BE54-9A1E7A4F7556}") = "DynArray", "DynArray.csproj", "{8B9A57EE-97B8-4AE3-82CE-5CFD58ACB786}"
EndProject
Project("{FAE04EC0-301F-11D3-BF4B-00C04F79EFBC}") = "DynArrayTests", "..\DynArrayTests\DynArrayTests.csproj", "{C4D0BF34-F1F9-4F6E-87EF-23F82D9525AB}"
EndProject
Global
	GlobalSection(SolutionConfigurationPlatforms) = preSolution
		Debug|Any CPU = Debug|Any CPU
		Release|Any CPU = Release|Any CPU
	EndGlobalSection
	GlobalSection(ProjectConfigurationPlatforms) = postSolution
		{8B9A57EE-97B8-4AE3-82CE-5CFD58ACB786}.Debug|Any CPU.ActiveCfg = Debug|Any CPU
		{8B9A57EE-97B8-4AE3-82CE-5CFD58ACB786}.Debug|Any CPU.Build.0 = Debug|Any CPU
		{8B9A57EE-97B8-4AE3-82CE-5CFD58ACB786}.Release|Any CPU.ActiveCfg = Release|Any CPU
		{8B9A57EE-97B8-4AE3-82CE-5CFD58ACB786}.Release|Any CPU.Build.0 = Release|Any CPU
		{C4D0BF34-F1F9-4F6E-87EF-23F82D9525AB}.Debug|Any CPU.ActiveCfg = Debug|Any CPU
		{C4D0BF34-F1F9-4F6E-87EF-23F82D9525AB}.Debug|Any CPU.Build.0 = Debug|Any CPU
		{C4D0BF34-F1F9-4F6E-87EF-23F82D9525AB}.Release|Any CPU.ActiveCfg = Release|Any CPU
		{C4D0BF34-F1F9-4F6E-87EF-23F82D9525AB}.Release|Any CPU.Build.0 = Release|Any CPU
	EndGlobalSection
	GlobalSection(SolutionProperties) = preSolution
		HideSolutionNode = FALSE
	EndGlobalSection
	GlobalSection(ExtensibilityGlobals) = postSolution
		SolutionGuid = {90855365-E488-4F25-8EA8-18AB67B08710}
	EndGlobalSection
EndGlobal
